# This file is automatically @generated by Cargo.
# It is not intended for manual editing.
version = 4

[[package]]
name = "interop"
version = "0.1.0"

[[package]]
name = "xdiff"
version = "0.1.0"
dependencies = [
 "interop",
 "xxhash-rust",
]

[[package]]
name = "xxhash-rust"
version = "0.8.15"
source = "registry+https://github.com/rust-lang/crates.io-index"
checksum = "fdd20c5420375476fbd4394763288da7eb0cc0b8c11deed431a91562af7335d3"
